
Microsoft Visual Studio Solution File, Format Version 12.00
# Visual Studio 15
Project("{FAE04EC0-301F-11D3-BF4B-00C04F79EFBC}") = "dd", "dd\dd.csproj", "{BF80DDE8-9D13-45C2-B5B7-60824143CA24}"
EndProject
Global
	GlobalSection(SolutionConfigurationPlatforms) = preSolution
		Debug|Any CPU = Debug|Any CPU
		Release|Any CPU = Release|Any CPU
	EndGlobalSection
	GlobalSection(ProjectConfigurationPlatforms) = postSolution
		{BF80DDE8-9D13-45C2-B5B7-60824143CA24}.Debug|Any CPU.ActiveCfg = Debug|Any CPU
		{BF80DDE8-9D13-45C2-B5B7-60824143CA24}.Debug|Any CPU.Build.0 = Debug|Any CPU
		{BF80DDE8-9D13-45C2-B5B7-60824143CA24}.Release|Any CPU.ActiveCfg = Release|Any CPU
		{BF80DDE8-9D13-45C2-B5B7-60824143CA24}.Release|Any CPU.Build.0 = Release|Any CPU
	EndGlobalSection
EndGlobal
